# This file is autogenerated, do not edit; changes may be undone by the next 'dep ensure'.


[[projects]]
  name = "github.com/ghodss/yaml"
  packages = ["."]
  revision = "0ca9ea5df5451ffdf184b4428c902747c2c11cd7"
  version = "v1.0.0"

[[projects]]
  name = "github.com/gogo/protobuf"
  packages = ["proto"]
  revision = "1adfc126b41513cc696b209667c8656ea7aac67c"
  version = "v1.0.0"

[[projects]]
  branch = "master"
  name = "github.com/golang/glog"
  packages = ["."]
  revision = "23def4e6c14b4da8ac2ed8007337bc5eb5007998"

[[projects]]
  name = "gopkg.in/yaml.v2"
  packages = ["."]
  revision = "5420a8b6744d3b0345ab293f6fcba19c978f1183"
  version = "v2.2.1"

[[projects]]
  branch = "master"
  name = "k8s.io/apimachinery"
  packages = [
    "pkg/conversion",
    "pkg/conversion/queryparams",
    "pkg/runtime",
    "pkg/runtime/schema",
    "pkg/util/errors",
    "pkg/util/json",
    "pkg/util/runtime",
    "pkg/util/sets",
    "third_party/forked/golang/reflect"
  ]
  revision = "8e510c818b62c1a0a1b738153104e8627916ebeb"

[[projects]]
  name = "k8s.io/client-go"
  packages = [
    "tools/clientcmd/api",
    "tools/clientcmd/api/v1"
  ]
  revision = "23781f4d6632d88e869066eaebb743857aa1ef9b"
  version = "v7.0.0"

[solve-meta]
  analyzer-name = "dep"
  analyzer-version = 1
  inputs-digest = "782c7f20917eb97a5e5bf14483c76b15b971d62f42f913912adee72132752600"
  solver-name = "gps-cdcl"
  solver-version = 1
